
Microsoft Visual Studio Solution File, Format Version 12.00
# Visual Studio 14
VisualStudioVersion = 14.0.25123.0
MinimumVisualStudioVersion = 10.0.40219.1
Project("{0027AF07-443C-43EA-86B6-847387C9239F}") = "Sitecore.Support.147074", "Sitecore.Support.147074\Sitecore.Support.147074.csproj", "{F62261B5-2E8D-4BF9-85E7-378E40E00BA1}"
EndProject
Global
	GlobalSection(SolutionConfigurationPlatforms) = preSolution
		Debug|Any CPU = Debug|Any CPU
		Release|Any CPU = Release|Any CPU
	EndGlobalSection
	GlobalSection(ProjectConfigurationPlatforms) = postSolution
		{F62261B5-2E8D-4BF9-85E7-378E40E00BA1}.Debug|Any CPU.ActiveCfg = Debug|Any CPU
		{F62261B5-2E8D-4BF9-85E7-378E40E00BA1}.Debug|Any CPU.Build.0 = Debug|Any CPU
		{F62261B5-2E8D-4BF9-85E7-378E40E00BA1}.Release|Any CPU.ActiveCfg = Release|Any CPU
		{F62261B5-2E8D-4BF9-85E7-378E40E00BA1}.Release|Any CPU.Build.0 = Release|Any CPU
	EndGlobalSection
	GlobalSection(SolutionProperties) = preSolution
		HideSolutionNode = FALSE
	EndGlobalSection
EndGlobal
